
Microsoft Visual Studio Solution File, Format Version 12.00
Project("{2150E333-8FDC-42A3-9474-1A3956D46DE8}") = "src", "src", "{A5550CF3-A766-4132-9D07-46EBBF447959}"
EndProject
Project("{2150E333-8FDC-42A3-9474-1A3956D46DE8}") = "BackEnd", "BackEnd", "{57AF876D-DA9D-427E-A589-4E0D2E4E7F8B}"
EndProject
Project("{2150E333-8FDC-42A3-9474-1A3956D46DE8}") = "src", "src", "{4744FEAE-8A7C-4628-B0A7-349D8F73C768}"
EndProject
Project("{FAE04EC0-301F-11D3-BF4B-00C04F79EFBC}") = "SimpleWeb.BackEnd.API", "SimpleWeb.BackEnd.API\SimpleWeb.BackEnd.API.csproj", "{EE4CB0EE-4AB6-40AA-886E-28D6B87712CC}"
EndProject
Project("{FAE04EC0-301F-11D3-BF4B-00C04F79EFBC}") = "SimpleWeb.BackEnd.Data", "SimpleWeb.BackEnd.Data\SimpleWeb.BackEnd.Data.csproj", "{BD865244-8441-41AB-ABCE-899E0B37BDA2}"
EndProject
Project("{FAE04EC0-301F-11D3-BF4B-00C04F79EFBC}") = "SimpleWeb.BackEnd.Model", "SimpleWeb.BackEnd.Model\SimpleWeb.BackEnd.Model.csproj", "{BA0C2811-471D-49E3-968B-DDCE8CB899AF}"
EndProject
Project("{FAE04EC0-301F-11D3-BF4B-00C04F79EFBC}") = "SimpleWeb.BackEnd.Service", "SimpleWeb.BackEnd.Service\SimpleWeb.BackEnd.Service.csproj", "{0C315DB3-F1DD-4765-8DA4-DDD9BD230A64}"
EndProject
Project("{2150E333-8FDC-42A3-9474-1A3956D46DE8}") = "FrontEnd", "FrontEnd", "{CC87D599-225A-41CC-AD0E-D9F4EBA325BB}"
EndProject
Project("{2150E333-8FDC-42A3-9474-1A3956D46DE8}") = "test", "test", "{6288E769-D3B2-4D18-9950-45E7CC4E8825}"
EndProject
Project("{2150E333-8FDC-42A3-9474-1A3956D46DE8}") = "src", "src", "{1AF83C16-DDB1-445B-9C29-A1C063B2FA63}"
EndProject
Project("{2150E333-8FDC-42A3-9474-1A3956D46DE8}") = "test", "test", "{836DAF45-F2B3-4AB1-AA21-553B191470AE}"
EndProject
Project("{2150E333-8FDC-42A3-9474-1A3956D46DE8}") = "Shared", "Shared", "{AAF940AA-A221-43DB-AE2B-0307E7102AEE}"
EndProject
Project("{2150E333-8FDC-42A3-9474-1A3956D46DE8}") = "IntegrationTest", "IntegrationTest", "{E7BD62DF-B62B-450F-AA6C-127559449B60}"
EndProject
Project("{FAE04EC0-301F-11D3-BF4B-00C04F79EFBC}") = "SimpleWeb.FrontEnd.WebApp", "SimpleWeb.FrontEnd.WebApp\SimpleWeb.FrontEnd.WebApp.csproj", "{E8C5107E-5D7A-42E8-8675-2B0BC9ABE015}"
EndProject
Project("{FAE04EC0-301F-11D3-BF4B-00C04F79EFBC}") = "SimpleWeb.FrontEnd.App", "SimpleWeb.FrontEnd.App\SimpleWeb.FrontEnd.App.csproj", "{58DA9BE7-8B5C-4F27-9693-9135F53966A8}"
EndProject
Global
	GlobalSection(SolutionConfigurationPlatforms) = preSolution
		Debug|Any CPU = Debug|Any CPU
		Release|Any CPU = Release|Any CPU
	EndGlobalSection
	GlobalSection(NestedProjects) = preSolution
		{57AF876D-DA9D-427E-A589-4E0D2E4E7F8B} = {A5550CF3-A766-4132-9D07-46EBBF447959}
		{4744FEAE-8A7C-4628-B0A7-349D8F73C768} = {57AF876D-DA9D-427E-A589-4E0D2E4E7F8B}
		{EE4CB0EE-4AB6-40AA-886E-28D6B87712CC} = {4744FEAE-8A7C-4628-B0A7-349D8F73C768}
		{BD865244-8441-41AB-ABCE-899E0B37BDA2} = {4744FEAE-8A7C-4628-B0A7-349D8F73C768}
		{BA0C2811-471D-49E3-968B-DDCE8CB899AF} = {4744FEAE-8A7C-4628-B0A7-349D8F73C768}
		{0C315DB3-F1DD-4765-8DA4-DDD9BD230A64} = {4744FEAE-8A7C-4628-B0A7-349D8F73C768}
		{CC87D599-225A-41CC-AD0E-D9F4EBA325BB} = {A5550CF3-A766-4132-9D07-46EBBF447959}
		{6288E769-D3B2-4D18-9950-45E7CC4E8825} = {57AF876D-DA9D-427E-A589-4E0D2E4E7F8B}
		{1AF83C16-DDB1-445B-9C29-A1C063B2FA63} = {CC87D599-225A-41CC-AD0E-D9F4EBA325BB}
		{836DAF45-F2B3-4AB1-AA21-553B191470AE} = {CC87D599-225A-41CC-AD0E-D9F4EBA325BB}
		{AAF940AA-A221-43DB-AE2B-0307E7102AEE} = {A5550CF3-A766-4132-9D07-46EBBF447959}
		{E7BD62DF-B62B-450F-AA6C-127559449B60} = {A5550CF3-A766-4132-9D07-46EBBF447959}
		{E8C5107E-5D7A-42E8-8675-2B0BC9ABE015} = {1AF83C16-DDB1-445B-9C29-A1C063B2FA63}
		{58DA9BE7-8B5C-4F27-9693-9135F53966A8} = {1AF83C16-DDB1-445B-9C29-A1C063B2FA63}
	EndGlobalSection
	GlobalSection(ProjectConfigurationPlatforms) = postSolution
		{EE4CB0EE-4AB6-40AA-886E-28D6B87712CC}.Debug|Any CPU.ActiveCfg = Debug|Any CPU
		{EE4CB0EE-4AB6-40AA-886E-28D6B87712CC}.Debug|Any CPU.Build.0 = Debug|Any CPU
		{EE4CB0EE-4AB6-40AA-886E-28D6B87712CC}.Release|Any CPU.ActiveCfg = Release|Any CPU
		{EE4CB0EE-4AB6-40AA-886E-28D6B87712CC}.Release|Any CPU.Build.0 = Release|Any CPU
		{BD865244-8441-41AB-ABCE-899E0B37BDA2}.Debug|Any CPU.ActiveCfg = Debug|Any CPU
		{BD865244-8441-41AB-ABCE-899E0B37BDA2}.Debug|Any CPU.Build.0 = Debug|Any CPU
		{BD865244-8441-41AB-ABCE-899E0B37BDA2}.Release|Any CPU.ActiveCfg = Release|Any CPU
		{BD865244-8441-41AB-ABCE-899E0B37BDA2}.Release|Any CPU.Build.0 = Release|Any CPU
		{BA0C2811-471D-49E3-968B-DDCE8CB899AF}.Debug|Any CPU.ActiveCfg = Debug|Any CPU
		{BA0C2811-471D-49E3-968B-DDCE8CB899AF}.Debug|Any CPU.Build.0 = Debug|Any CPU
		{BA0C2811-471D-49E3-968B-DDCE8CB899AF}.Release|Any CPU.ActiveCfg = Release|Any CPU
		{BA0C2811-471D-49E3-968B-DDCE8CB899AF}.Release|Any CPU.Build.0 = Release|Any CPU
		{0C315DB3-F1DD-4765-8DA4-DDD9BD230A64}.Debug|Any CPU.ActiveCfg = Debug|Any CPU
		{0C315DB3-F1DD-4765-8DA4-DDD9BD230A64}.Debug|Any CPU.Build.0 = Debug|Any CPU
		{0C315DB3-F1DD-4765-8DA4-DDD9BD230A64}.Release|Any CPU.ActiveCfg = Release|Any CPU
		{0C315DB3-F1DD-4765-8DA4-DDD9BD230A64}.Release|Any CPU.Build.0 = Release|Any CPU
		{E8C5107E-5D7A-42E8-8675-2B0BC9ABE015}.Debug|Any CPU.ActiveCfg = Debug|Any CPU
		{E8C5107E-5D7A-42E8-8675-2B0BC9ABE015}.Debug|Any CPU.Build.0 = Debug|Any CPU
		{E8C5107E-5D7A-42E8-8675-2B0BC9ABE015}.Release|Any CPU.ActiveCfg = Release|Any CPU
		{E8C5107E-5D7A-42E8-8675-2B0BC9ABE015}.Release|Any CPU.Build.0 = Release|Any CPU
		{58DA9BE7-8B5C-4F27-9693-9135F53966A8}.Debug|Any CPU.ActiveCfg = Debug|Any CPU
		{58DA9BE7-8B5C-4F27-9693-9135F53966A8}.Debug|Any CPU.Build.0 = Debug|Any CPU
		{58DA9BE7-8B5C-4F27-9693-9135F53966A8}.Release|Any CPU.ActiveCfg = Release|Any CPU
		{58DA9BE7-8B5C-4F27-9693-9135F53966A8}.Release|Any CPU.Build.0 = Release|Any CPU
	EndGlobalSection
EndGlobal
